
Microsoft Visual Studio Solution File, Format Version 12.00
# Visual Studio Version 16
VisualStudioVersion = 16.0.30225.117
MinimumVisualStudioVersion = 10.0.40219.1
Project("{9A19103F-16F7-4668-BE54-9A1E7A4F7556}") = "TCP", "TCP\TCP.csproj", "{8F5F8AF8-F63D-4FA5-991A-EB0568387052}"
EndProject
Project("{9A19103F-16F7-4668-BE54-9A1E7A4F7556}") = "Amr", "Amr\Amr.csproj", "{1A473D82-FCD2-45C4-B4D6-BCFBE6AD6814}"
EndProject
Project("{FAE04EC0-301F-11D3-BF4B-00C04F79EFBC}") = "test", "test\test.csproj", "{5B8863D9-ACB9-4AD9-AB66-6E61577A4664}"
EndProject
Global
	GlobalSection(SolutionConfigurationPlatforms) = preSolution
		Debug|Any CPU = Debug|Any CPU
		Debug|x86 = Debug|x86
		Release|Any CPU = Release|Any CPU
		Release|x86 = Release|x86
	EndGlobalSection
	GlobalSection(ProjectConfigurationPlatforms) = postSolution
		{8F5F8AF8-F63D-4FA5-991A-EB0568387052}.Debug|Any CPU.ActiveCfg = Debug|Any CPU
		{8F5F8AF8-F63D-4FA5-991A-EB0568387052}.Debug|Any CPU.Build.0 = Debug|Any CPU
		{8F5F8AF8-F63D-4FA5-991A-EB0568387052}.Debug|x86.ActiveCfg = Debug|x86
		{8F5F8AF8-F63D-4FA5-991A-EB0568387052}.Debug|x86.Build.0 = Debug|x86
		{8F5F8AF8-F63D-4FA5-991A-EB0568387052}.Release|Any CPU.ActiveCfg = Release|Any CPU
		{8F5F8AF8-F63D-4FA5-991A-EB0568387052}.Release|Any CPU.Build.0 = Release|Any CPU
		{8F5F8AF8-F63D-4FA5-991A-EB0568387052}.Release|x86.ActiveCfg = Release|x86
		{8F5F8AF8-F63D-4FA5-991A-EB0568387052}.Release|x86.Build.0 = Release|x86
		{1A473D82-FCD2-45C4-B4D6-BCFBE6AD6814}.Debug|Any CPU.ActiveCfg = Debug|Any CPU
		{1A473D82-FCD2-45C4-B4D6-BCFBE6AD6814}.Debug|Any CPU.Build.0 = Debug|Any CPU
		{1A473D82-FCD2-45C4-B4D6-BCFBE6AD6814}.Debug|x86.ActiveCfg = Debug|x86
		{1A473D82-FCD2-45C4-B4D6-BCFBE6AD6814}.Debug|x86.Build.0 = Debug|x86
		{1A473D82-FCD2-45C4-B4D6-BCFBE6AD6814}.Release|Any CPU.ActiveCfg = Release|Any CPU
		{1A473D82-FCD2-45C4-B4D6-BCFBE6AD6814}.Release|Any CPU.Build.0 = Release|Any CPU
		{1A473D82-FCD2-45C4-B4D6-BCFBE6AD6814}.Release|x86.ActiveCfg = Release|x86
		{1A473D82-FCD2-45C4-B4D6-BCFBE6AD6814}.Release|x86.Build.0 = Release|x86
		{5B8863D9-ACB9-4AD9-AB66-6E61577A4664}.Debug|Any CPU.ActiveCfg = Debug|Any CPU
		{5B8863D9-ACB9-4AD9-AB66-6E61577A4664}.Debug|Any CPU.Build.0 = Debug|Any CPU
		{5B8863D9-ACB9-4AD9-AB66-6E61577A4664}.Debug|x86.ActiveCfg = Debug|Any CPU
		{5B8863D9-ACB9-4AD9-AB66-6E61577A4664}.Debug|x86.Build.0 = Debug|Any CPU
		{5B8863D9-ACB9-4AD9-AB66-6E61577A4664}.Release|Any CPU.ActiveCfg = Release|Any CPU
		{5B8863D9-ACB9-4AD9-AB66-6E61577A4664}.Release|Any CPU.Build.0 = Release|Any CPU
		{5B8863D9-ACB9-4AD9-AB66-6E61577A4664}.Release|x86.ActiveCfg = Release|Any CPU
		{5B8863D9-ACB9-4AD9-AB66-6E61577A4664}.Release|x86.Build.0 = Release|Any CPU
	EndGlobalSection
	GlobalSection(SolutionProperties) = preSolution
		HideSolutionNode = FALSE
	EndGlobalSection
	GlobalSection(ExtensibilityGlobals) = postSolution
		SolutionGuid = {156178EC-9002-4377-B228-9A8753A48087}
	EndGlobalSection
EndGlobal
